// !$*UTF8*$!
{
	archiveVersion = 1;
	classes = {
	};
	objectVersion = 46;
	objects = {

/* Begin PBXBuildFile section */
		07ED174C15330DF000E4C9A0 /* UIKit.framework in Frameworks */ = {isa = PBXBuildFile; fileRef = 07ED174B15330DF000E4C9A0 /* UIKit.framework */; };
		07ED174E15330DF000E4C9A0 /* Foundation.framework in Frameworks */ = {isa = PBXBuildFile; fileRef = 07ED174D15330DF000E4C9A0 /* Foundation.framework */; };
		07ED175015330DF000E4C9A0 /* CoreGraphics.framework in Frameworks */ = {isa = PBXBuildFile; fileRef = 07ED174F15330DF000E4C9A0 /* CoreGraphics.framework */; };
		07ED175615330DF000E4C9A0 /* InfoPlist.strings in Resources */ = {isa = PBXBuildFile; fileRef = 07ED175415330DF000E4C9A0 /* InfoPlist.strings */; };
		07ED175815330DF000E4C9A0 /* main.m in Sources */ = {isa = PBXBuildFile; fileRef = 07ED175715330DF000E4C9A0 /* main.m */; };
		07ED175C15330DF000E4C9A0 /* AppDelegate.m in Sources */ = {isa = PBXBuildFile; fileRef = 07ED175B15330DF000E4C9A0 /* AppDelegate.m */; };
		07ED175F15330DF000E4C9A0 /* MainStoryboard_iPhone.storyboard in Resources */ = {isa = PBXBuildFile; fileRef = 07ED175D15330DF000E4C9A0 /* MainStoryboard_iPhone.storyboard */; };
		07ED176215330DF000E4C9A0 /* MainStoryboard_iPad.storyboard in Resources */ = {isa = PBXBuildFile; fileRef = 07ED176015330DF000E4C9A0 /* MainStoryboard_iPad.storyboard */; };
		07ED176515330DF000E4C9A0 /* FirstViewController.m in Sources */ = {isa = PBXBuildFile; fileRef = 07ED176415330DF000E4C9A0 /* FirstViewController.m */; };
		07ED176715330DF000E4C9A0 /* first.png in Resources */ = {isa = PBXBuildFile; fileRef = 07ED176615330DF000E4C9A0 /* first.png */; };
		07ED176915330DF000E4C9A0 /* first@2x.png in Resources */ = {isa = PBXBuildFile; fileRef = 07ED176815330DF000E4C9A0 /* first@2x.png */; };
		07ED176C15330DF000E4C9A0 /* SecondViewController.m in Sources */ = {isa = PBXBuildFile; fileRef = 07ED176B15330DF000E4C9A0 /* SecondViewController.m */; };
		07ED176E15330DF000E4C9A0 /* second.png in Resources */ = {isa = PBXBuildFile; fileRef = 07ED176D15330DF000E4C9A0 /* second.png */; };
		07ED177015330DF000E4C9A0 /* second@2x.png in Resources */ = {isa = PBXBuildFile; fileRef = 07ED176F15330DF000E4C9A0 /* second@2x.png */; };
/* End PBXBuildFile section */

/* Begin PBXFileReference section */
		07ED174715330DF000E4C9A0 /* runningLog.app */ = {isa = PBXFileReference; explicitFileType = wrapper.application; includeInIndex = 0; path = runningLog.app; sourceTree = BUILT_PRODUCTS_DIR; };
		07ED174B15330DF000E4C9A0 /* UIKit.framework */ = {isa = PBXFileReference; lastKnownFileType = wrapper.framework; name = UIKit.framework; path = System/Library/Frameworks/UIKit.framework; sourceTree = SDKROOT; };
		07ED174D15330DF000E4C9A0 /* Foundation.framework */ = {isa = PBXFileReference; lastKnownFileType = wrapper.framework; name = Foundation.framework; path = System/Library/Frameworks/Foundation.framework; sourceTree = SDKROOT; };
		07ED174F15330DF000E4C9A0 /* CoreGraphics.framework */ = {isa = PBXFileReference; lastKnownFileType = wrapper.framework; name = CoreGraphics.framework; path = System/Library/Frameworks/CoreGraphics.framework; sourceTree = SDKROOT; };
		07ED175315330DF000E4C9A0 /* runningLog-Info.plist */ = {isa = PBXFileReference; path = "runningLog-Info.plist"; sourceTree = "<group>"; };
		07ED175515330DF000E4C9A0 /* en */ = {isa = PBXFileReference; lastKnownFileType = text.plist.strings; name = en; path = en.lproj/InfoPlist.strings; sourceTree = "<group>"; };
		07ED175715330DF000E4C9A0 /* main.m */ = {isa = PBXFileReference; lastKnownFileType = sourcecode.c.objc; path = main.m; sourceTree = "<group>"; };
		07ED175915330DF000E4C9A0 /* runningLog-Prefix.pch */ = {isa = PBXFileReference; path = "runningLog-Prefix.pch"; sourceTree = "<group>"; };
		07ED175A15330DF000E4C9A0 /* AppDelegate.h */ = {isa = PBXFileReference; path = AppDelegate.h; sourceTree = "<group>"; };
		07ED175B15330DF000E4C9A0 /* AppDelegate.m */ = {isa = PBXFileReference; lastKnownFileType = sourcecode.c.objc; path = AppDelegate.m; sourceTree = "<group>"; };
		07ED175E15330DF000E4C9A0 /* en */ = {isa = PBXFileReference; lastKnownFileType = file.storyboard; name = en; path = en.lproj/MainStoryboard_iPhone.storyboard; sourceTree = "<group>"; };
		07ED176115330DF000E4C9A0 /* en */ = {isa = PBXFileReference; lastKnownFileType = file.storyboard; name = en; path = en.lproj/MainStoryboard_iPad.storyboard; sourceTree = "<group>"; };
		07ED176315330DF000E4C9A0 /* FirstViewController.h */ = {isa = PBXFileReference; path = FirstViewController.h; sourceTree = "<group>"; };
		07ED176415330DF000E4C9A0 /* FirstViewController.m */ = {isa = PBXFileReference; lastKnownFileType = sourcecode.c.objc; path = FirstViewController.m; sourceTree = "<group>"; };
		07ED176615330DF000E4C9A0 /* first.png */ = {isa = PBXFileReference; lastKnownFileType = image.png; path = first.png; sourceTree = "<group>"; };
		07ED176815330DF000E4C9A0 /* first@2x.png */ = {isa = PBXFileReference; lastKnownFileType = image.png; path = "first@2x.png"; sourceTree = "<group>"; };
		07ED176A15330DF000E4C9A0 /* SecondViewController.h */ = {isa = PBXFileReference; path = SecondViewController.h; sourceTree = "<group>"; };
		07ED176B15330DF000E4C9A0 /* SecondViewController.m */ = {isa = PBXFileReference; lastKnownFileType = sourcecode.c.objc; path = SecondViewController.m; sourceTree = "<group>"; };
		07ED176D15330DF000E4C9A0 /* second.png */ = {isa = PBXFileReference; lastKnownFileType = image.png; path = second.png; sourceTree = "<group>"; };
		07ED176F15330DF000E4C9A0 /* second@2x.png */ = {isa = PBXFileReference; lastKnownFileType = image.png; path = "second@2x.png"; sourceTree = "<group>"; };
/* End PBXFileReference section */

/* Begin PBXFrameworksBuildPhase section */
		07ED174415330DF000E4C9A0 /* Frameworks */ = {
			isa = PBXFrameworksBuildPhase;
			buildActionMask = 2147483647;
			files = (
				07ED174C15330DF000E4C9A0 /* UIKit.framework in Frameworks */,
				07ED174E15330DF000E4C9A0 /* Foundation.framework in Frameworks */,
				07ED175015330DF000E4C9A0 /* CoreGraphics.framework in Frameworks */,
			);
			runOnlyForDeploymentPostprocessing = 0;
		};
/* End PBXFrameworksBuildPhase section */

/* Begin PBXGroup section */
		07ED173C15330DF000E4C9A0 = {
			isa = PBXGroup;
			children = (
				07ED175115330DF000E4C9A0 /* runningLog */,
				07ED174A15330DF000E4C9A0 /* Frameworks */,
				07ED174815330DF000E4C9A0 /* Products */,
			);
			sourceTree = "<group>";
		};
		07ED174815330DF000E4C9A0 /* Products */ = {
			isa = PBXGroup;
			children = (
				07ED174715330DF000E4C9A0 /* runningLog.app */,
			);
			name = Products;
			sourceTree = "<group>";
		};
		07ED174A15330DF000E4C9A0 /* Frameworks */ = {
			isa = PBXGroup;
			children = (
				07ED174B15330DF000E4C9A0 /* UIKit.framework */,
				07ED174D15330DF000E4C9A0 /* Foundation.framework */,
				07ED174F15330DF000E4C9A0 /* CoreGraphics.framework */,
			);
			name = Frameworks;
			sourceTree = "<group>";
		};
		07ED175115330DF000E4C9A0 /* runningLog */ = {
			isa = PBXGroup;
			children = (
				07ED175A15330DF000E4C9A0 /* AppDelegate.h */,
				07ED175B15330DF000E4C9A0 /* AppDelegate.m */,
				07ED175D15330DF000E4C9A0 /* MainStoryboard_iPhone.storyboard */,
				07ED176015330DF000E4C9A0 /* MainStoryboard_iPad.storyboard */,
				07ED176315330DF000E4C9A0 /* FirstViewController.h */,
				07ED176415330DF000E4C9A0 /* FirstViewController.m */,
				07ED176615330DF000E4C9A0 /* first.png */,
				07ED176815330DF000E4C9A0 /* first@2x.png */,
				07ED176A15330DF000E4C9A0 /* SecondViewController.h */,
				07ED176B15330DF000E4C9A0 /* SecondViewController.m */,
				07ED176D15330DF000E4C9A0 /* second.png */,
				07ED176F15330DF000E4C9A0 /* second@2x.png */,
				07ED175215330DF000E4C9A0 /* Supporting Files */,
			);
			path = runningLog;
			sourceTree = "<group>";
		};
		07ED175215330DF000E4C9A0 /* Supporting Files */ = {
			isa = PBXGroup;
			children = (
				07ED175315330DF000E4C9A0 /* runningLog-Info.plist */,
				07ED175415330DF000E4C9A0 /* InfoPlist.strings */,
				07ED175715330DF000E4C9A0 /* main.m */,
				07ED175915330DF000E4C9A0 /* runningLog-Prefix.pch */,
			);
			name = "Supporting Files";
			sourceTree = "<group>";
		};
/* End PBXGroup section */

/* Begin PBXNativeTarget section */
		07ED174615330DF000E4C9A0 /* runningLog */ = {
			isa = PBXNativeTarget;
			buildConfigurationList = 07ED177315330DF000E4C9A0 /* Build configuration list for PBXNativeTarget "runningLog" */;
			buildPhases = (
				07ED174315330DF000E4C9A0 /* Sources */,
				07ED174415330DF000E4C9A0 /* Frameworks */,
				07ED174515330DF000E4C9A0 /* Resources */,
			);
			buildRules = (
			);
			dependencies = (
			);
			name = runningLog;
			productName = runningLog;
			productReference = 07ED174715330DF000E4C9A0 /* runningLog.app */;
			productType = "com.apple.product-type.application";
		};
/* End PBXNativeTarget section */

/* Begin PBXProject section */
		07ED173E15330DF000E4C9A0 /* Project object */ = {
			isa = PBXProject;
			attributes = {
				LastUpgradeCheck = 0430;
				ORGANIZATIONNAME = "8th Light";
			};
			buildConfigurationList = 07ED174115330DF000E4C9A0 /* Build configuration list for PBXProject "runningLog" */;
			compatibilityVersion = "Xcode 3.2";
			developmentRegion = English;
			hasScannedForEncodings = 0;
			knownRegions = (
				en,
			);
			mainGroup = 07ED173C15330DF000E4C9A0;
			productRefGroup = 07ED174815330DF000E4C9A0 /* Products */;
			projectDirPath = "";
			projectRoot = "";
			targets = (
				07ED174615330DF000E4C9A0 /* runningLog */,
			);
		};
/* End PBXProject section */

/* Begin PBXResourcesBuildPhase section */
		07ED174515330DF000E4C9A0 /* Resources */ = {
			isa = PBXResourcesBuildPhase;
			buildActionMask = 2147483647;
			files = (
				07ED175615330DF000E4C9A0 /* InfoPlist.strings in Resources */,
				07ED175F15330DF000E4C9A0 /* MainStoryboard_iPhone.storyboard in Resources */,
				07ED176215330DF000E4C9A0 /* MainStoryboard_iPad.storyboard in Resources */,
				07ED176715330DF000E4C9A0 /* first.png in Resources */,
				07ED176915330DF000E4C9A0 /* first@2x.png in Resources */,
				07ED176E15330DF000E4C9A0 /* second.png in Resources */,
				07ED177015330DF000E4C9A0 /* second@2x.png in Resources */,
			);
			runOnlyForDeploymentPostprocessing = 0;
		};
/* End PBXResourcesBuildPhase section */

/* Begin PBXSourcesBuildPhase section */
		07ED174315330DF000E4C9A0 /* Sources */ = {
			isa = PBXSourcesBuildPhase;
			buildActionMask = 2147483647;
			files = (
				07ED175815330DF000E4C9A0 /* main.m in Sources */,
				07ED175C15330DF000E4C9A0 /* AppDelegate.m in Sources */,
				07ED176515330DF000E4C9A0 /* FirstViewController.m in Sources */,
				07ED176C15330DF000E4C9A0 /* SecondViewController.m in Sources */,
			);
			runOnlyForDeploymentPostprocessing = 0;
		};
/* End PBXSourcesBuildPhase section */

/* Begin PBXVariantGroup section */
		07ED175415330DF000E4C9A0 /* InfoPlist.strings */ = {
			isa = PBXVariantGroup;
			children = (
				07ED175515330DF000E4C9A0 /* en */,
			);
			name = InfoPlist.strings;
			sourceTree = "<group>";
		};
		07ED175D15330DF000E4C9A0 /* MainStoryboard_iPhone.storyboard */ = {
			isa = PBXVariantGroup;
			children = (
				07ED175E15330DF000E4C9A0 /* en */,
			);
			name = MainStoryboard_iPhone.storyboard;
			sourceTree = "<group>";
		};
		07ED176015330DF000E4C9A0 /* MainStoryboard_iPad.storyboard */ = {
			isa = PBXVariantGroup;
			children = (
				07ED176115330DF000E4C9A0 /* en */,
			);
			name = MainStoryboard_iPad.storyboard;
			sourceTree = "<group>";
		};
/* End PBXVariantGroup section */

/* Begin XCBuildConfiguration section */
		07ED177115330DF000E4C9A0 /* Debug */ = {
			isa = XCBuildConfiguration;
			buildSettings = {
				ALWAYS_SEARCH_USER_PATHS = NO;
				ARCHS = "$(ARCHS_STANDARD_32_BIT)";
				CLANG_ENABLE_OBJC_ARC = YES;
				"CODE_SIGN_IDENTITY[sdk=iphoneos*]" = "iPhone Developer";
				COPY_PHASE_STRIP = NO;
				GCC_C_LANGUAGE_STANDARD = gnu99;
				GCC_DYNAMIC_NO_PIC = NO;
				GCC_OPTIMIZATION_LEVEL = 0;
				GCC_PREPROCESSOR_DEFINITIONS = (
					"DEBUG=1",
					"$(inherited)",
				);
				GCC_SYMBOLS_PRIVATE_EXTERN = NO;
				GCC_VERSION = com.apple.compilers.llvm.clang.1_0;
				GCC_WARN_ABOUT_RETURN_TYPE = YES;
				GCC_WARN_UNINITIALIZED_AUTOS = YES;
				GCC_WARN_UNUSED_VARIABLE = YES;
				IPHONEOS_DEPLOYMENT_TARGET = 5.1;
				SDKROOT = iphoneos;
				TARGETED_DEVICE_FAMILY = "1,2";
			};
			name = Debug;
		};
		07ED177215330DF000E4C9A0 /* Release */ = {
			isa = XCBuildConfiguration;
			buildSettings = {
				ALWAYS_SEARCH_USER_PATHS = NO;
				ARCHS = "$(ARCHS_STANDARD_32_BIT)";
				CLANG_ENABLE_OBJC_ARC = YES;
				"CODE_SIGN_IDENTITY[sdk=iphoneos*]" = "iPhone Developer";
				COPY_PHASE_STRIP = YES;
				GCC_C_LANGUAGE_STANDARD = gnu99;
				GCC_VERSION = com.apple.compilers.llvm.clang.1_0;
				GCC_WARN_ABOUT_RETURN_TYPE = YES;
				GCC_WARN_UNINITIALIZED_AUTOS = YES;
				GCC_WARN_UNUSED_VARIABLE = YES;
				IPHONEOS_DEPLOYMENT_TARGET = 5.1;
				OTHER_CFLAGS = "-DNS_BLOCK_ASSERTIONS=1";
				SDKROOT = iphoneos;
				TARGETED_DEVICE_FAMILY = "1,2";
				VALIDATE_PRODUCT = YES;
			};
			name = Release;
		};
		07ED177415330DF000E4C9A0 /* Debug */ = {
			isa = XCBuildConfiguration;
			buildSettings = {
				GCC_PRECOMPILE_PREFIX_HEADER = YES;
				GCC_PREFIX_HEADER = "runningLog/runningLog-Prefix.pch";
				INFOPLIST_FILE = "runningLog/runningLog-Info.plist";
				PRODUCT_NAME = "$(TARGET_NAME)";
				WRAPPER_EXTENSION = app;
			};
			name = Debug;
		};
		07ED177515330DF000E4C9A0 /* Release */ = {
			isa = XCBuildConfiguration;
			buildSettings = {
				GCC_PRECOMPILE_PREFIX_HEADER = YES;
				GCC_PREFIX_HEADER = "runningLog/runningLog-Prefix.pch";
				INFOPLIST_FILE = "runningLog/runningLog-Info.plist";
				PRODUCT_NAME = "$(TARGET_NAME)";
				WRAPPER_EXTENSION = app;
			};
			name = Release;
		};
/* End XCBuildConfiguration section */

/* Begin XCConfigurationList section */
		07ED174115330DF000E4C9A0 /* Build configuration list for PBXProject "runningLog" */ = {
			isa = XCConfigurationList;
			buildConfigurations = (
				07ED177115330DF000E4C9A0 /* Debug */,
				07ED177215330DF000E4C9A0 /* Release */,
			);
			defaultConfigurationIsVisible = 0;
			defaultConfigurationName = Release;
		};
		07ED177315330DF000E4C9A0 /* Build configuration list for PBXNativeTarget "runningLog" */ = {
			isa = XCConfigurationList;
			buildConfigurations = (
				07ED177415330DF000E4C9A0 /* Debug */,
				07ED177515330DF000E4C9A0 /* Release */,
			);
			defaultConfigurationIsVisible = 0;
		};
/* End XCConfigurationList section */
	};
	rootObject = 07ED173E15330DF000E4C9A0 /* Project object */;
}
